
Microsoft Visual Studio Solution File, Format Version 12.00
# Visual Studio Version 16
VisualStudioVersion = 16.0.29709.97
MinimumVisualStudioVersion = 10.0.40219.1
Project("{FAE04EC0-301F-11D3-BF4B-00C04F79EFBC}") = "WindowsFormsApp1", "WindowsFormsApp1\WindowsFormsApp1.csproj", "{3F8BD9FC-B00E-4160-AAA5-EAF510264595}"
EndProject
Project("{2150E333-8FDC-42A3-9474-1A3956D46DE8}") = "Libraries", "Libraries", "{624C169A-85F9-4649-AEE3-947D886BCA99}"
EndProject
Project("{FAE04EC0-301F-11D3-BF4B-00C04F79EFBC}") = "Api", "Api\Api.csproj", "{BEAE9E01-FA20-4BFF-B355-659C43802B1F}"
EndProject
Global
	GlobalSection(SolutionConfigurationPlatforms) = preSolution
		Debug|Any CPU = Debug|Any CPU
		Release|Any CPU = Release|Any CPU
	EndGlobalSection
	GlobalSection(ProjectConfigurationPlatforms) = postSolution
		{3F8BD9FC-B00E-4160-AAA5-EAF510264595}.Debug|Any CPU.ActiveCfg = Debug|Any CPU
		{3F8BD9FC-B00E-4160-AAA5-EAF510264595}.Debug|Any CPU.Build.0 = Debug|Any CPU
		{3F8BD9FC-B00E-4160-AAA5-EAF510264595}.Release|Any CPU.ActiveCfg = Release|Any CPU
		{3F8BD9FC-B00E-4160-AAA5-EAF510264595}.Release|Any CPU.Build.0 = Release|Any CPU
		{BEAE9E01-FA20-4BFF-B355-659C43802B1F}.Debug|Any CPU.ActiveCfg = Debug|Any CPU
		{BEAE9E01-FA20-4BFF-B355-659C43802B1F}.Debug|Any CPU.Build.0 = Debug|Any CPU
		{BEAE9E01-FA20-4BFF-B355-659C43802B1F}.Release|Any CPU.ActiveCfg = Release|Any CPU
		{BEAE9E01-FA20-4BFF-B355-659C43802B1F}.Release|Any CPU.Build.0 = Release|Any CPU
	EndGlobalSection
	GlobalSection(SolutionProperties) = preSolution
		HideSolutionNode = FALSE
	EndGlobalSection
	GlobalSection(NestedProjects) = preSolution
		{BEAE9E01-FA20-4BFF-B355-659C43802B1F} = {624C169A-85F9-4649-AEE3-947D886BCA99}
	EndGlobalSection
	GlobalSection(ExtensibilityGlobals) = postSolution
		SolutionGuid = {A687A866-B2E3-4A57-A70B-1B8A3AFBCE01}
	EndGlobalSection
EndGlobal
